
Microsoft Visual Studio Solution File, Format Version 12.00
# Visual Studio Version 16
VisualStudioVersion = 16.0.31410.357
MinimumVisualStudioVersion = 10.0.40219.1
Project("{FAE04EC0-301F-11D3-BF4B-00C04F79EFBC}") = "PjtC01CompteBancaire", "PjtC01CompteBancaire.csproj", "{151458B6-6FF8-4842-9D07-E04F12EF103D}"
EndProject
Global
	GlobalSection(SolutionConfigurationPlatforms) = preSolution
		Debug|Any CPU = Debug|Any CPU
		Release|Any CPU = Release|Any CPU
	EndGlobalSection
	GlobalSection(ProjectConfigurationPlatforms) = postSolution
		{151458B6-6FF8-4842-9D07-E04F12EF103D}.Debug|Any CPU.ActiveCfg = Debug|Any CPU
		{151458B6-6FF8-4842-9D07-E04F12EF103D}.Debug|Any CPU.Build.0 = Debug|Any CPU
		{151458B6-6FF8-4842-9D07-E04F12EF103D}.Release|Any CPU.ActiveCfg = Release|Any CPU
		{151458B6-6FF8-4842-9D07-E04F12EF103D}.Release|Any CPU.Build.0 = Release|Any CPU
	EndGlobalSection
	GlobalSection(SolutionProperties) = preSolution
		HideSolutionNode = FALSE
	EndGlobalSection
	GlobalSection(ExtensibilityGlobals) = postSolution
		SolutionGuid = {BF6D8814-7308-4D69-A0F4-280307EDEF26}
	EndGlobalSection
EndGlobal
